
Microsoft Visual Studio Solution File, Format Version 12.00
# Visual Studio 15
VisualStudioVersion = 15.0.28307.102
MinimumVisualStudioVersion = 10.0.40219.1
Project("{9A19103F-16F7-4668-BE54-9A1E7A4F7556}") = "BlazorShcMLDotnet.Server", "BlazorShcMLDotnet.Server\BlazorShcMLDotnet.Server.csproj", "{44056008-7232-4755-83F7-8984E6DD08A8}"
EndProject
Project("{9A19103F-16F7-4668-BE54-9A1E7A4F7556}") = "BlazorShcMLDotnet.App", "BlazorShcMLDotnet.App\BlazorShcMLDotnet.App.csproj", "{DD2CBF95-3CE0-45C8-A0B5-0388353DB89C}"
EndProject
Project("{9A19103F-16F7-4668-BE54-9A1E7A4F7556}") = "TaxiFare.Service", "MlService\TaxiFare.Service.csproj", "{FC5AD6BA-6EF4-4072-AFF4-E19BA00FA546}"
EndProject
Project("{9A19103F-16F7-4668-BE54-9A1E7A4F7556}") = "TaxiFare.TrainingModel", "TaxiModel\TaxiFare.TrainingModel.csproj", "{661A208F-CE5A-4AF8-A6A4-9748E42D1E2D}"
EndProject
Global
	GlobalSection(SolutionConfigurationPlatforms) = preSolution
		Debug|Any CPU = Debug|Any CPU
		Release|Any CPU = Release|Any CPU
	EndGlobalSection
	GlobalSection(ProjectConfigurationPlatforms) = postSolution
		{44056008-7232-4755-83F7-8984E6DD08A8}.Debug|Any CPU.ActiveCfg = Debug|Any CPU
		{44056008-7232-4755-83F7-8984E6DD08A8}.Debug|Any CPU.Build.0 = Debug|Any CPU
		{44056008-7232-4755-83F7-8984E6DD08A8}.Release|Any CPU.ActiveCfg = Release|Any CPU
		{44056008-7232-4755-83F7-8984E6DD08A8}.Release|Any CPU.Build.0 = Release|Any CPU
		{DD2CBF95-3CE0-45C8-A0B5-0388353DB89C}.Debug|Any CPU.ActiveCfg = Debug|Any CPU
		{DD2CBF95-3CE0-45C8-A0B5-0388353DB89C}.Debug|Any CPU.Build.0 = Debug|Any CPU
		{DD2CBF95-3CE0-45C8-A0B5-0388353DB89C}.Release|Any CPU.ActiveCfg = Release|Any CPU
		{DD2CBF95-3CE0-45C8-A0B5-0388353DB89C}.Release|Any CPU.Build.0 = Release|Any CPU
		{FC5AD6BA-6EF4-4072-AFF4-E19BA00FA546}.Debug|Any CPU.ActiveCfg = Debug|Any CPU
		{FC5AD6BA-6EF4-4072-AFF4-E19BA00FA546}.Debug|Any CPU.Build.0 = Debug|Any CPU
		{FC5AD6BA-6EF4-4072-AFF4-E19BA00FA546}.Release|Any CPU.ActiveCfg = Release|Any CPU
		{FC5AD6BA-6EF4-4072-AFF4-E19BA00FA546}.Release|Any CPU.Build.0 = Release|Any CPU
		{661A208F-CE5A-4AF8-A6A4-9748E42D1E2D}.Debug|Any CPU.ActiveCfg = Debug|Any CPU
		{661A208F-CE5A-4AF8-A6A4-9748E42D1E2D}.Debug|Any CPU.Build.0 = Debug|Any CPU
		{661A208F-CE5A-4AF8-A6A4-9748E42D1E2D}.Release|Any CPU.ActiveCfg = Release|Any CPU
		{661A208F-CE5A-4AF8-A6A4-9748E42D1E2D}.Release|Any CPU.Build.0 = Release|Any CPU
	EndGlobalSection
	GlobalSection(SolutionProperties) = preSolution
		HideSolutionNode = FALSE
	EndGlobalSection
	GlobalSection(ExtensibilityGlobals) = postSolution
		SolutionGuid = {18793975-8848-4DAD-BDEA-A36EE4193475}
	EndGlobalSection
EndGlobal
